
Microsoft Visual Studio Solution File, Format Version 12.00
# Visual Studio Version 17
VisualStudioVersion = 17.0.32112.339
MinimumVisualStudioVersion = 10.0.40219.1
Project("{FAE04EC0-301F-11D3-BF4B-00C04F79EFBC}") = "PeríodosAtras.ConsoleApp", "PeríodosAtras.ConsoleApp\PeríodosAtras.ConsoleApp.csproj", "{2F3870F3-FC4C-4031-8AAA-7EF598BDA644}"
EndProject
Global
	GlobalSection(SolutionConfigurationPlatforms) = preSolution
		Debug|Any CPU = Debug|Any CPU
		Release|Any CPU = Release|Any CPU
	EndGlobalSection
	GlobalSection(ProjectConfigurationPlatforms) = postSolution
		{2F3870F3-FC4C-4031-8AAA-7EF598BDA644}.Debug|Any CPU.ActiveCfg = Debug|Any CPU
		{2F3870F3-FC4C-4031-8AAA-7EF598BDA644}.Debug|Any CPU.Build.0 = Debug|Any CPU
		{2F3870F3-FC4C-4031-8AAA-7EF598BDA644}.Release|Any CPU.ActiveCfg = Release|Any CPU
		{2F3870F3-FC4C-4031-8AAA-7EF598BDA644}.Release|Any CPU.Build.0 = Release|Any CPU
	EndGlobalSection
	GlobalSection(SolutionProperties) = preSolution
		HideSolutionNode = FALSE
	EndGlobalSection
	GlobalSection(ExtensibilityGlobals) = postSolution
		SolutionGuid = {A0A81AC4-F2EB-49A3-8B96-59B4E0B32835}
	EndGlobalSection
EndGlobal
